{
  "name": "@optuna/storage-loader",
  "version": "0.0.1",
  "lockfileVersion": 3,
  "requires": true,
  "packages": {
    "": {
      "name": "@optuna/storage-loader",
      "version": "0.0.1",
      "license": "MIT",
      "dependencies": {
        "@sqlite.org/sqlite-wasm": "^3.45.1-build1"
      },
      "devDependencies": {
        "@optuna/types": "../types/"
      }
    },
    "../entity": {
      "name": "@optuna/entity",
      "version": "0.0.1",
      "extraneous": true,
      "license": "MIT"
    },
    "../types": {
      "name": "@optuna/types",
      "version": "0.0.1",
      "dev": true,
      "license": "MIT"
    },
    "node_modules/@optuna/types": {
      "resolved": "../types",
      "link": true
    },
    "node_modules/@sqlite.org/sqlite-wasm": {
      "version": "3.45.1-build1",
      "resolved": "https://registry.npmjs.org/@sqlite.org/sqlite-wasm/-/sqlite-wasm-3.45.1-build1.tgz",
      "integrity": "sha512-1EgshFNhVeBtZ9KtQPm3PzzJ2CtpmXAq2DAPywy7WZ3gOK6p5n8TY+M+mBMpQCF5cLqrdNFb3Kp9uNie9rUAHw==",
      "bin": {
        "sqlite-wasm": "bin/index.js"
      }
    }
  }
}
